{
  "name": "schoolform9-maker",
  "version": "1.0.0",
  "lockfileVersion": 3,
  "requires": true,
  "packages": {
    "": {
      "name": "schoolform9-maker",
      "version": "1.0.0",
      "license": "MIT",
      "dependencies": {
        "@slosarek/docxtemplater-image-module-free": "^1.2.0",
        "docxtemplater": "^3.69.3",
        "pizzip": "^3.2.0"
      },
      "bin": {
        "sf9-generate": "generate.js"
      }
    },
    "node_modules/@slosarek/docxtemplater-image-module-free": {
      "version": "1.2.0",
      "resolved": "https://registry.npmjs.org/@slosarek/docxtemplater-image-module-free/-/docxtemplater-image-module-free-1.2.0.tgz",
      "integrity": "sha512-meKk8B7VLt2SnmCD09qg2mOtNB/CVJmYPR8Pk8H4FAfhnGWBIcQTAiROqCqev6zKdSrND+X2+vTip0imweGjuw==",
      "license": "MIT",
      "dependencies": {
        "@xmldom/xmldom": "^0.8.10"
      }
    },
    "node_modules/@xmldom/xmldom": {
      "version": "0.8.15",
      "resolved": "https://registry.npmjs.org/@xmldom/xmldom/-/xmldom-0.8.15.tgz",
      "integrity": "sha512-/5NV/vDALVFDXgLmfsy9TRCBlKwO2LNBFzpzvb9iIj+jR+eSc6DLYYvVOdivT/jm7MtU6TebYuRmzEOI7w40UA==",
      "license": "MIT",
      "engines": {
        "node": ">=10.0.0"
      }
    },
    "node_modules/docxtemplater": {
      "version": "3.69.3",
      "resolved": "https://registry.npmjs.org/docxtemplater/-/docxtemplater-3.69.3.tgz",
      "integrity": "sha512-z6IIXImBvOFudR1VHZIjIoewPd/xft/OVF1JT9eKgJLGWQaFZ8gPrjPuAnho0bbQEfKd5Ge7RPq+owqKLmC3PA==",
      "license": "MIT",
      "dependencies": {
        "@xmldom/xmldom": "^0.9.10"
      },
      "engines": {
        "node": ">=0.10"
      }
    },
    "node_modules/docxtemplater/node_modules/@xmldom/xmldom": {
      "version": "0.9.12",
      "resolved": "https://registry.npmjs.org/@xmldom/xmldom/-/xmldom-0.9.12.tgz",
      "integrity": "sha512-5AXjrcMClTryPe9LgZrygpB1lj7s0S9E0+W+AHaVKAVyHanafK86iPSvG5xHVSp/jC+VH1UXu0TAEmY279xH7A==",
      "license": "MIT",
      "engines": {
        "node": ">=14.6"
      }
    },
    "node_modules/pako": {
      "version": "2.2.0",
      "resolved": "https://registry.npmjs.org/pako/-/pako-2.2.0.tgz",
      "integrity": "sha512-zJq6RP/5q+TO2OpFV3FHzlPnFjmkb7Nc99a5SNjJE+uu/PkpChs+NIZSSzbBoD+6kjiISXjfYdwj1ZRQ81dz/w==",
      "funding": [
        {
          "type": "github",
          "url": "https://github.com/sponsors/puzrin"
        },
        {
          "type": "github",
          "url": "https://github.com/sponsors/nodeca"
        }
      ],
      "license": "(MIT AND Zlib)"
    },
    "node_modules/pizzip": {
      "version": "3.2.0",
      "resolved": "https://registry.npmjs.org/pizzip/-/pizzip-3.2.0.tgz",
      "integrity": "sha512-X4NPNICxCfIK8VYhF6wbksn81vTiziyLbvKuORVAmolvnUzl1A1xmz9DAWKxPRq9lZg84pJOOAMq3OE61bD8IQ==",
      "license": "(MIT OR GPL-3.0)",
      "dependencies": {
        "pako": "^2.1.0"
      }
    }
  }
}
